
Microsoft Visual Studio Solution File, Format Version 12.00
# Visual Studio Version 17
VisualStudioVersion = 17.5.33530.505
MinimumVisualStudioVersion = 10.0.40219.1
Project("{FAE04EC0-301F-11D3-BF4B-00C04F79EFBC}") = "Getters e Setters", "Getters e Setters\Getters e Setters.csproj", "{89E3D96E-7DA8-4244-90A1-96FB0DC3DCC8}"
EndProject
Global
	GlobalSection(SolutionConfigurationPlatforms) = preSolution
		Debug|Any CPU = Debug|Any CPU
		Release|Any CPU = Release|Any CPU
	EndGlobalSection
	GlobalSection(ProjectConfigurationPlatforms) = postSolution
		{89E3D96E-7DA8-4244-90A1-96FB0DC3DCC8}.Debug|Any CPU.ActiveCfg = Debug|Any CPU
		{89E3D96E-7DA8-4244-90A1-96FB0DC3DCC8}.Debug|Any CPU.Build.0 = Debug|Any CPU
		{89E3D96E-7DA8-4244-90A1-96FB0DC3DCC8}.Release|Any CPU.ActiveCfg = Release|Any CPU
		{89E3D96E-7DA8-4244-90A1-96FB0DC3DCC8}.Release|Any CPU.Build.0 = Release|Any CPU
	EndGlobalSection
	GlobalSection(SolutionProperties) = preSolution
		HideSolutionNode = FALSE
	EndGlobalSection
	GlobalSection(ExtensibilityGlobals) = postSolution
		SolutionGuid = {692944B9-BA42-4B97-80C0-F09775F28222}
	EndGlobalSection
EndGlobal
